
Microsoft Visual Studio Solution File, Format Version 12.00
# Visual Studio Version 17
VisualStudioVersion = 17.0.31903.59
MinimumVisualStudioVersion = 10.0.40219.1
Project("{F2A71F9B-5D33-465A-A702-920D77279786}") = "InterviewTask.Api", "InterviewTask.Api\InterviewTask.Api.fsproj", "{B7976114-ECDD-4711-A757-4B3E95B89D51}"
EndProject
Project("{F2A71F9B-5D33-465A-A702-920D77279786}") = "InterviewTask.Tests", "InterviewTask.Tests\InterviewTask.Tests.fsproj", "{68ED0964-0BC3-4F92-9A33-36E47D874A4E}"
EndProject
Global
	GlobalSection(SolutionConfigurationPlatforms) = preSolution
		Debug|Any CPU = Debug|Any CPU
		Debug|x64 = Debug|x64
		Debug|x86 = Debug|x86
		Release|Any CPU = Release|Any CPU
		Release|x64 = Release|x64
		Release|x86 = Release|x86
	EndGlobalSection
	GlobalSection(ProjectConfigurationPlatforms) = postSolution
		{B7976114-ECDD-4711-A757-4B3E95B89D51}.Debug|Any CPU.ActiveCfg = Debug|Any CPU
		{B7976114-ECDD-4711-A757-4B3E95B89D51}.Debug|Any CPU.Build.0 = Debug|Any CPU
		{B7976114-ECDD-4711-A757-4B3E95B89D51}.Debug|x64.ActiveCfg = Debug|Any CPU
		{B7976114-ECDD-4711-A757-4B3E95B89D51}.Debug|x64.Build.0 = Debug|Any CPU
		{B7976114-ECDD-4711-A757-4B3E95B89D51}.Debug|x86.ActiveCfg = Debug|Any CPU
		{B7976114-ECDD-4711-A757-4B3E95B89D51}.Debug|x86.Build.0 = Debug|Any CPU
		{B7976114-ECDD-4711-A757-4B3E95B89D51}.Release|Any CPU.ActiveCfg = Release|Any CPU
		{B7976114-ECDD-4711-A757-4B3E95B89D51}.Release|Any CPU.Build.0 = Release|Any CPU
		{B7976114-ECDD-4711-A757-4B3E95B89D51}.Release|x64.ActiveCfg = Release|Any CPU
		{B7976114-ECDD-4711-A757-4B3E95B89D51}.Release|x64.Build.0 = Release|Any CPU
		{B7976114-ECDD-4711-A757-4B3E95B89D51}.Release|x86.ActiveCfg = Release|Any CPU
		{B7976114-ECDD-4711-A757-4B3E95B89D51}.Release|x86.Build.0 = Release|Any CPU
		{68ED0964-0BC3-4F92-9A33-36E47D874A4E}.Debug|Any CPU.ActiveCfg = Debug|Any CPU
		{68ED0964-0BC3-4F92-9A33-36E47D874A4E}.Debug|Any CPU.Build.0 = Debug|Any CPU
		{68ED0964-0BC3-4F92-9A33-36E47D874A4E}.Debug|x64.ActiveCfg = Debug|Any CPU
		{68ED0964-0BC3-4F92-9A33-36E47D874A4E}.Debug|x64.Build.0 = Debug|Any CPU
		{68ED0964-0BC3-4F92-9A33-36E47D874A4E}.Debug|x86.ActiveCfg = Debug|Any CPU
		{68ED0964-0BC3-4F92-9A33-36E47D874A4E}.Debug|x86.Build.0 = Debug|Any CPU
		{68ED0964-0BC3-4F92-9A33-36E47D874A4E}.Release|Any CPU.ActiveCfg = Release|Any CPU
		{68ED0964-0BC3-4F92-9A33-36E47D874A4E}.Release|Any CPU.Build.0 = Release|Any CPU
		{68ED0964-0BC3-4F92-9A33-36E47D874A4E}.Release|x64.ActiveCfg = Release|Any CPU
		{68ED0964-0BC3-4F92-9A33-36E47D874A4E}.Release|x64.Build.0 = Release|Any CPU
		{68ED0964-0BC3-4F92-9A33-36E47D874A4E}.Release|x86.ActiveCfg = Release|Any CPU
		{68ED0964-0BC3-4F92-9A33-36E47D874A4E}.Release|x86.Build.0 = Release|Any CPU
	EndGlobalSection
	GlobalSection(SolutionProperties) = preSolution
		HideSolutionNode = FALSE
	EndGlobalSection
	GlobalSection(RiderSharedRunConfigurations) = postSolution
		File = ..\..\.run\TimeEntry\ServerKL.Watch.run.xml
		File = ..\..\.run\TimeEntry\Watch EB.run.xml
		File = ..\..\.run\TimeEntry\Debug EB.run.xml
		File = ..\..\.run\TimeEntry\Attach Client Debugger.run.xml
		File = ..\..\.run\TimeEntry\Client.Watch.run.xml
		File = ..\..\.run\TimeEntry\Storybook.run.xml
		File = ..\..\.run\TimeEntry\Debug KL.run.xml
		File = ..\..\.run\TimeEntry\Watch KL.run.xml
		File = ..\..\.run\TimeEntry\ServerEB.Watch.run.xml
		File = ..\..\.run\TimeEntry\EB Server.run.xml
		File = ..\..\.run\TimeEntry\Vite.Watch.run.xml
		File = ..\..\.run\TimeEntry\Client.Tests.Watch.run.xml
		File = ..\..\.run\TimeEntry\KL Server.run.xml
		File = ..\..\Gemini\Projects\Adams Rhumbix Sync\.run\Start Docker SQL.run.xml
		File = ..\..\Gemini\Projects\Brinkmann UKG Sync\.run\Start Docker SQL.run.xml
		File = ..\..\Gemini\Projects\ClancyTheys ADP Sync\.run\ClancyTheys.ADPSync.run.xml
		File = ..\..\Gemini\Projects\JBSteel Rhumbix Sync\.run\Start Docker SQL.run.xml
		File = ..\..\Gemini\Projects\ARCO UKG Rhumbix Sync\.run\Start Docker SQL.run.xml
		File = ..\..\Gemini\Projects\Mid-City Rhumbix Sync\.run\Start Docker SQL.run.xml
		File = ..\..\PMDashboard\.run\Client.Watch.run.xml
		File = ..\..\PMDashboard\.run\Client.Fable.run.xml
		File = ..\..\PMDashboard\.run\SyncServer.Watch.run.xml
		File = ..\..\PMDashboard\.run\Debug+Sync.run.xml
		File = ..\..\PMDashboard\.run\Watch.run.xml
		File = ..\..\PMDashboard\.run\Debug Sync_Server.run.xml
		File = ..\..\PMDashboard\.run\Server.Watch.run.xml
		File = ..\..\PMDashboard\.run\Watch Server + UI.run.xml
		File = ..\..\PMDashboard\.run\Watch+Sync.run.xml
		File = ..\..\PMDashboard\.run\Client.Vite.run.xml
		File = ..\..\PMDashboard\.run\Server.run.xml
		File = ..\..\TimeEntry\.run\ServerKL.Watch.run.xml
		File = ..\..\TimeEntry\.run\Watch EB.run.xml
		File = ..\..\TimeEntry\.run\Debug EB.run.xml
		File = ..\..\TimeEntry\.run\Attach Client Debugger.run.xml
		File = ..\..\TimeEntry\.run\Client.Watch.run.xml
		File = ..\..\TimeEntry\.run\Debug KL.run.xml
		File = ..\..\TimeEntry\.run\Watch KL.run.xml
		File = ..\..\TimeEntry\.run\ServerEB.Watch.run.xml
		File = ..\..\TimeEntry\.run\EB Server.run.xml
		File = ..\..\TimeEntry\.run\Vite.Watch.run.xml
		File = ..\..\TimeEntry\.run\Client.Tests.Watch.run.xml
		File = ..\..\TimeEntry\.run\KL Server.run.xml
		File = ..\..\InvoiceSearch\.run\Start Docker SQL.run.xml
		File = ..\..\InvoiceSearch\.run\Client.Fable.run.xml
		File = ..\..\InvoiceSearch\.run\Server + Client Watch.run.xml
		File = ..\..\InvoiceSearch\.run\Watch.run.xml
		File = ..\..\InvoiceSearch\.run\Server.Watch.run.xml
		File = ..\..\InvoiceSearch\.run\Client.Vite.run.xml
		File = ..\..\InvoiceSearch\.run\Server.run.xml
		File = ..\..\InvoiceSearch\.run\Debug.run.xml
		File = ..\..\..\.run\TimeEntry\ServerKL.Watch.run.xml
		File = ..\..\..\.run\TimeEntry\Watch EB.run.xml
		File = ..\..\..\.run\TimeEntry\Debug EB.run.xml
		File = ..\..\..\.run\TimeEntry\Attach Client Debugger.run.xml
		File = ..\..\..\.run\TimeEntry\Client.Watch.run.xml
		File = ..\..\..\.run\TimeEntry\Storybook.run.xml
		File = ..\..\..\.run\TimeEntry\Debug KL.run.xml
		File = ..\..\..\.run\TimeEntry\Watch KL.run.xml
		File = ..\..\..\.run\TimeEntry\ServerEB.Watch.run.xml
		File = ..\..\..\.run\TimeEntry\EB Server.run.xml
		File = ..\..\..\.run\TimeEntry\Vite.Watch.run.xml
		File = ..\..\..\.run\TimeEntry\Client.Tests.Watch.run.xml
		File = ..\..\..\.run\TimeEntry\KL Server.run.xml
		File = ..\..\..\Gemini\Projects\Adams Rhumbix Sync\.run\Start Docker SQL.run.xml
		File = ..\..\..\Gemini\Projects\Brinkmann UKG Sync\.run\Start Docker SQL.run.xml
		File = ..\..\..\Gemini\Projects\ClancyTheys ADP Sync\.run\ClancyTheys.ADPSync.run.xml
		File = ..\..\..\Gemini\Projects\JBSteel Rhumbix Sync\.run\Start Docker SQL.run.xml
		File = ..\..\..\Gemini\Projects\ARCO UKG Rhumbix Sync\.run\Start Docker SQL.run.xml
		File = ..\..\..\Gemini\Projects\Mid-City Rhumbix Sync\.run\Start Docker SQL.run.xml
		File = ..\..\..\TimeEntry\.run\ServerKL.Watch.run.xml
		File = ..\..\..\TimeEntry\.run\Watch EB.run.xml
		File = ..\..\..\TimeEntry\.run\Debug EB.run.xml
		File = ..\..\..\TimeEntry\.run\Attach Client Debugger.run.xml
		File = ..\..\..\TimeEntry\.run\Client.Watch.run.xml
		File = ..\..\..\TimeEntry\.run\Debug KL.run.xml
		File = ..\..\..\TimeEntry\.run\Watch KL.run.xml
		File = ..\..\..\TimeEntry\.run\ServerEB.Watch.run.xml
		File = ..\..\..\TimeEntry\.run\EB Server.run.xml
		File = ..\..\..\TimeEntry\.run\Vite.Watch.run.xml
		File = ..\..\..\TimeEntry\.run\Client.Tests.Watch.run.xml
		File = ..\..\..\TimeEntry\.run\KL Server.run.xml
		File = ..\..\..\InvoiceSearch\.run\Start Docker SQL.run.xml
		File = ..\..\..\InvoiceSearch\.run\Client.Fable.run.xml
		File = ..\..\..\InvoiceSearch\.run\Server + Client Watch.run.xml
		File = ..\..\..\InvoiceSearch\.run\Watch.run.xml
		File = ..\..\..\InvoiceSearch\.run\Server.Watch.run.xml
		File = ..\..\..\InvoiceSearch\.run\Client.Vite.run.xml
		File = ..\..\..\InvoiceSearch\.run\Server.run.xml
		File = ..\..\..\InvoiceSearch\.run\Debug.run.xml
		File = ..\..\..\PMDashboard\.run\Client.Watch.run.xml
		File = ..\..\..\PMDashboard\.run\Client.Fable.run.xml
		File = ..\..\..\PMDashboard\.run\SyncServer.Watch.run.xml
		File = ..\..\..\PMDashboard\.run\Debug+Sync.run.xml
		File = ..\..\..\PMDashboard\.run\Watch.run.xml
		File = ..\..\..\PMDashboard\.run\Debug Sync_Server.run.xml
		File = ..\..\..\PMDashboard\.run\Server.Watch.run.xml
		File = ..\..\..\PMDashboard\.run\Watch Server + UI.run.xml
		File = ..\..\..\PMDashboard\.run\Watch+Sync.run.xml
		File = ..\..\..\PMDashboard\.run\Client.Vite.run.xml
		File = ..\..\..\PMDashboard\.run\Server.run.xml
	EndGlobalSection
EndGlobal
